
Microsoft Visual Studio Solution File, Format Version 12.00
# Visual Studio 2017
Project("{FAE04EC0-301F-11D3-BF4B-00C04F79EFBC}") = "Baja.Plugins", "Baja.Plugins.csproj", "{A489518D-98BA-14B5-D31E-DBCF8600D92E}"
EndProject
Project("{FAE04EC0-301F-11D3-BF4B-00C04F79EFBC}") = "Baja", "Baja.csproj", "{EFB1F750-9B75-422E-67E0-025E01A73052}"
EndProject
Project("{FAE04EC0-301F-11D3-BF4B-00C04F79EFBC}") = "Baja.Editor.Plugins", "Baja.Editor.Plugins.csproj", "{B1FB0E6A-C6E8-A6AF-947B-A74765830EB3}"
EndProject
Global
	GlobalSection(SolutionConfigurationPlatforms) = preSolution
		Debug|Any CPU = Debug|Any CPU
		Release|Any CPU = Release|Any CPU
	EndGlobalSection
	GlobalSection(ProjectConfigurationPlatforms) = postSolution
		{A489518D-98BA-14B5-D31E-DBCF8600D92E}.Debug|Any CPU.ActiveCfg = Debug|Any CPU
		{A489518D-98BA-14B5-D31E-DBCF8600D92E}.Debug|Any CPU.Build.0 = Debug|Any CPU
		{A489518D-98BA-14B5-D31E-DBCF8600D92E}.Release|Any CPU.ActiveCfg = Release|Any CPU
		{A489518D-98BA-14B5-D31E-DBCF8600D92E}.Release|Any CPU.Build.0 = Release|Any CPU
		{EFB1F750-9B75-422E-67E0-025E01A73052}.Debug|Any CPU.ActiveCfg = Debug|Any CPU
		{EFB1F750-9B75-422E-67E0-025E01A73052}.Debug|Any CPU.Build.0 = Debug|Any CPU
		{EFB1F750-9B75-422E-67E0-025E01A73052}.Release|Any CPU.ActiveCfg = Release|Any CPU
		{EFB1F750-9B75-422E-67E0-025E01A73052}.Release|Any CPU.Build.0 = Release|Any CPU
		{B1FB0E6A-C6E8-A6AF-947B-A74765830EB3}.Debug|Any CPU.ActiveCfg = Debug|Any CPU
		{B1FB0E6A-C6E8-A6AF-947B-A74765830EB3}.Debug|Any CPU.Build.0 = Debug|Any CPU
		{B1FB0E6A-C6E8-A6AF-947B-A74765830EB3}.Release|Any CPU.ActiveCfg = Release|Any CPU
		{B1FB0E6A-C6E8-A6AF-947B-A74765830EB3}.Release|Any CPU.Build.0 = Release|Any CPU
	EndGlobalSection
	GlobalSection(SolutionProperties) = preSolution
		HideSolutionNode = FALSE
	EndGlobalSection
EndGlobal
